
Microsoft Visual Studio Solution File, Format Version 12.00
# Visual Studio 15
VisualStudioVersion = 15.0.28307.489
MinimumVisualStudioVersion = 10.0.40219.1
Project("{FAE04EC0-301F-11D3-BF4B-00C04F79EFBC}") = "demoDB", "demoDB\demoDB.csproj", "{137383FC-9E9E-4E9F-94A8-53F7F79E61E6}"
EndProject
Global
	GlobalSection(SolutionConfigurationPlatforms) = preSolution
		Debug|Any CPU = Debug|Any CPU
		Release|Any CPU = Release|Any CPU
	EndGlobalSection
	GlobalSection(ProjectConfigurationPlatforms) = postSolution
		{137383FC-9E9E-4E9F-94A8-53F7F79E61E6}.Debug|Any CPU.ActiveCfg = Debug|Any CPU
		{137383FC-9E9E-4E9F-94A8-53F7F79E61E6}.Debug|Any CPU.Build.0 = Debug|Any CPU
		{137383FC-9E9E-4E9F-94A8-53F7F79E61E6}.Release|Any CPU.ActiveCfg = Release|Any CPU
		{137383FC-9E9E-4E9F-94A8-53F7F79E61E6}.Release|Any CPU.Build.0 = Release|Any CPU
	EndGlobalSection
	GlobalSection(SolutionProperties) = preSolution
		HideSolutionNode = FALSE
	EndGlobalSection
	GlobalSection(ExtensibilityGlobals) = postSolution
		SolutionGuid = {810F2465-7673-4F70-B37C-811297A51D3F}
	EndGlobalSection
EndGlobal
